
Microsoft Visual Studio Solution File, Format Version 12.00
# Visual Studio Version 17
VisualStudioVersion = 17.8.34316.72
MinimumVisualStudioVersion = 10.0.40219.1
Project("{FAE04EC0-301F-11D3-BF4B-00C04F79EFBC}") = "API_Laboratorio", "API_Laboratorio\API_Laboratorio.csproj", "{7C35193C-8B70-4930-9906-82EEF70685E1}"
EndProject
Global
	GlobalSection(SolutionConfigurationPlatforms) = preSolution
		Debug|Any CPU = Debug|Any CPU
		Release|Any CPU = Release|Any CPU
	EndGlobalSection
	GlobalSection(ProjectConfigurationPlatforms) = postSolution
		{7C35193C-8B70-4930-9906-82EEF70685E1}.Debug|Any CPU.ActiveCfg = Debug|Any CPU
		{7C35193C-8B70-4930-9906-82EEF70685E1}.Debug|Any CPU.Build.0 = Debug|Any CPU
		{7C35193C-8B70-4930-9906-82EEF70685E1}.Release|Any CPU.ActiveCfg = Release|Any CPU
		{7C35193C-8B70-4930-9906-82EEF70685E1}.Release|Any CPU.Build.0 = Release|Any CPU
	EndGlobalSection
	GlobalSection(SolutionProperties) = preSolution
		HideSolutionNode = FALSE
	EndGlobalSection
	GlobalSection(ExtensibilityGlobals) = postSolution
		SolutionGuid = {6C74C57B-0894-479F-BF78-07AC918C89A0}
	EndGlobalSection
EndGlobal
